
Microsoft Visual Studio Solution File, Format Version 12.00
# Visual Studio 15
VisualStudioVersion = 15.0.27428.2015
MinimumVisualStudioVersion = 10.0.40219.1
Project("{FAE04EC0-301F-11D3-BF4B-00C04F79EFBC}") = "Exercise.WebSoket", "Exercise.WebSoket\Exercise.WebSoket.csproj", "{FAFBD845-D808-401D-A723-63F273C6A5BC}"
EndProject
Global
	GlobalSection(SolutionConfigurationPlatforms) = preSolution
		Debug|Any CPU = Debug|Any CPU
		Release|Any CPU = Release|Any CPU
	EndGlobalSection
	GlobalSection(ProjectConfigurationPlatforms) = postSolution
		{FAFBD845-D808-401D-A723-63F273C6A5BC}.Debug|Any CPU.ActiveCfg = Debug|Any CPU
		{FAFBD845-D808-401D-A723-63F273C6A5BC}.Debug|Any CPU.Build.0 = Debug|Any CPU
		{FAFBD845-D808-401D-A723-63F273C6A5BC}.Release|Any CPU.ActiveCfg = Release|Any CPU
		{FAFBD845-D808-401D-A723-63F273C6A5BC}.Release|Any CPU.Build.0 = Release|Any CPU
	EndGlobalSection
	GlobalSection(SolutionProperties) = preSolution
		HideSolutionNode = FALSE
	EndGlobalSection
	GlobalSection(ExtensibilityGlobals) = postSolution
		SolutionGuid = {56DFB5CA-E3AD-4ABB-9196-F84246D39F1F}
	EndGlobalSection
EndGlobal
